
Microsoft Visual Studio Solution File, Format Version 12.00
# Visual Studio Version 17
VisualStudioVersion = 17.0.31919.166
MinimumVisualStudioVersion = 10.0.40219.1
Project("{9A19103F-16F7-4668-BE54-9A1E7A4F7556}") = "AlgoNet", "src\AlgoNet\AlgoNet.csproj", "{D7102094-7790-458C-9489-9F8EE3971FE6}"
EndProject
Project("{9A19103F-16F7-4668-BE54-9A1E7A4F7556}") = "AlgoNet.Clustering", "src\AlgoNet.Clustering\AlgoNet.Clustering.csproj", "{3CFA7768-C8D0-468E-BBAB-7F1908F2F6B4}"
EndProject
Project("{2150E333-8FDC-42A3-9474-1A3956D46DE8}") = "Tests", "Tests", "{E56E3567-34A5-4B86-BABC-DC5111995C99}"
EndProject
Project("{9A19103F-16F7-4668-BE54-9A1E7A4F7556}") = "AlgoNet.Tests.Data", "tests\AlgoNet.Tests.Common\AlgoNet.Tests.Data.csproj", "{91249B6C-505C-48DE-8519-A04E5F531377}"
EndProject
Project("{9A19103F-16F7-4668-BE54-9A1E7A4F7556}") = "AlgoNet.Tests.Clustering", "tests\AlgoNet.Tests.Clustering\AlgoNet.Tests.Clustering.csproj", "{A2449E3A-F979-4736-8430-87AFD0B32262}"
EndProject
Project("{2150E333-8FDC-42A3-9474-1A3956D46DE8}") = "Solution Items", "Solution Items", "{F88294FC-C78C-4AD7-ADAF-8B04D9AFCB6B}"
	ProjectSection(SolutionItems) = preProject
		.editorconfig = .editorconfig
		build-test.yml = build-test.yml
		Directory.Build.props = Directory.Build.props
	EndProjectSection
EndProject
Project("{9A19103F-16F7-4668-BE54-9A1E7A4F7556}") = "AlgoNet.Sorting", "src\AlgoNet.Sorting\AlgoNet.Sorting.csproj", "{E57B8A85-474E-4C8F-BD25-6401EF55886D}"
EndProject
Project("{9A19103F-16F7-4668-BE54-9A1E7A4F7556}") = "AlgoNet.Tests.Sorting", "tests\AlgoNet.Tests.Sorting\AlgoNet.Tests.Sorting.csproj", "{3F8ED320-6702-483F-A0B2-68A5458408F3}"
EndProject
Project("{9A19103F-16F7-4668-BE54-9A1E7A4F7556}") = "AlgoNet.Graphs", "src\AlgoNet.Graphs\AlgoNet.Graphs.csproj", "{67385393-DF81-47B2-87B1-B909B960FCC5}"
EndProject
Project("{2150E333-8FDC-42A3-9474-1A3956D46DE8}") = "Benchmarks", "Benchmarks", "{319B049E-63F1-41C4-A085-CFD1E857468C}"
EndProject
Project("{9A19103F-16F7-4668-BE54-9A1E7A4F7556}") = "AlgoNet.Benchmarks.Sorting", "bench\AlgoNet.Benchmarks.Sorting\AlgoNet.Benchmarks.Sorting.csproj", "{558041A0-38C8-42B1-8868-B0DC4AA07617}"
EndProject
Project("{9A19103F-16F7-4668-BE54-9A1E7A4F7556}") = "AlgoNet.Tests.Mathematics", "tests\AlgoNet.Tests.Mathematics\AlgoNet.Tests.Mathematics.csproj", "{B7DBE54C-C92C-4CBC-A6AF-D9C3FB8DAEA0}"
EndProject
Project("{9A19103F-16F7-4668-BE54-9A1E7A4F7556}") = "AlgoNet.Mathematics", "src\AlgoNet.Mathematics\AlgoNet.Mathematics.csproj", "{9D6436D0-4C51-4558-87BB-093A57276E2F}"
EndProject
Project("{9A19103F-16F7-4668-BE54-9A1E7A4F7556}") = "AlgoNet.Benchmarks.Mathematics", "bench\AlgoNet.Benchmarks.Mathematics\AlgoNet.Benchmarks.Mathematics.csproj", "{DB38C42C-DA83-464E-B3BE-2E8ECDDF5535}"
EndProject
Project("{9A19103F-16F7-4668-BE54-9A1E7A4F7556}") = "AlgoNet.Tests.Graph", "tests\AlgoNet.Tests.Graph\AlgoNet.Tests.Graph.csproj", "{FB941A8F-96BC-4122-AB6F-49342BA36E0B}"
EndProject
Project("{9A19103F-16F7-4668-BE54-9A1E7A4F7556}") = "AlgoNet.Clustering.GPU", "src\AlgoNet.Clustering.GPU\AlgoNet.Clustering.GPU.csproj", "{7244BB4B-431D-413A-AEA4-2D6267B9549F}"
EndProject
Project("{FAE04EC0-301F-11D3-BF4B-00C04F79EFBC}") = "AlgoNet.Benchmarks.Clustering", "bench\AlgoNet.Benchmarks.Clustering\AlgoNet.Benchmarks.Clustering.csproj", "{7886DCE4-81BD-4429-A5A9-4111B0E45DC8}"
EndProject
Project("{2150E333-8FDC-42A3-9474-1A3956D46DE8}") = "Samples", "Samples", "{4A4EFDAC-7170-46CA-98D8-95BAC5E6C6B5}"
EndProject
Project("{FAE04EC0-301F-11D3-BF4B-00C04F79EFBC}") = "AlgoNet.Samples.Color", "sample\AlgoNet.Samples.Color\AlgoNet.Samples.Color.csproj", "{F6C424F7-CC0A-445A-B612-609FF159EB9C}"
EndProject
Global
	GlobalSection(SolutionConfigurationPlatforms) = preSolution
		Debug|Any CPU = Debug|Any CPU
		Debug|ARM = Debug|ARM
		Debug|ARM64 = Debug|ARM64
		Debug|x64 = Debug|x64
		Debug|x86 = Debug|x86
		Preview|Any CPU = Preview|Any CPU
		Preview|ARM = Preview|ARM
		Preview|ARM64 = Preview|ARM64
		Preview|x64 = Preview|x64
		Preview|x86 = Preview|x86
		Release|Any CPU = Release|Any CPU
		Release|ARM = Release|ARM
		Release|ARM64 = Release|ARM64
		Release|x64 = Release|x64
		Release|x86 = Release|x86
	EndGlobalSection
	GlobalSection(ProjectConfigurationPlatforms) = postSolution
		{D7102094-7790-458C-9489-9F8EE3971FE6}.Debug|Any CPU.ActiveCfg = Debug|Any CPU
		{D7102094-7790-458C-9489-9F8EE3971FE6}.Debug|Any CPU.Build.0 = Debug|Any CPU
		{D7102094-7790-458C-9489-9F8EE3971FE6}.Debug|ARM.ActiveCfg = Debug|ARM
		{D7102094-7790-458C-9489-9F8EE3971FE6}.Debug|ARM.Build.0 = Debug|ARM
		{D7102094-7790-458C-9489-9F8EE3971FE6}.Debug|ARM64.ActiveCfg = Debug|ARM64
		{D7102094-7790-458C-9489-9F8EE3971FE6}.Debug|ARM64.Build.0 = Debug|ARM64
		{D7102094-7790-458C-9489-9F8EE3971FE6}.Debug|x64.ActiveCfg = Debug|x64
		{D7102094-7790-458C-9489-9F8EE3971FE6}.Debug|x64.Build.0 = Debug|x64
		{D7102094-7790-458C-9489-9F8EE3971FE6}.Debug|x86.ActiveCfg = Debug|x86
		{D7102094-7790-458C-9489-9F8EE3971FE6}.Debug|x86.Build.0 = Debug|x86
		{D7102094-7790-458C-9489-9F8EE3971FE6}.Preview|Any CPU.ActiveCfg = Preview|Any CPU
		{D7102094-7790-458C-9489-9F8EE3971FE6}.Preview|Any CPU.Build.0 = Preview|Any CPU
		{D7102094-7790-458C-9489-9F8EE3971FE6}.Preview|ARM.ActiveCfg = Preview|ARM
		{D7102094-7790-458C-9489-9F8EE3971FE6}.Preview|ARM.Build.0 = Preview|ARM
		{D7102094-7790-458C-9489-9F8EE3971FE6}.Preview|ARM64.ActiveCfg = Preview|ARM64
		{D7102094-7790-458C-9489-9F8EE3971FE6}.Preview|ARM64.Build.0 = Preview|ARM64
		{D7102094-7790-458C-9489-9F8EE3971FE6}.Preview|x64.ActiveCfg = Preview|x64
		{D7102094-7790-458C-9489-9F8EE3971FE6}.Preview|x64.Build.0 = Preview|x64
		{D7102094-7790-458C-9489-9F8EE3971FE6}.Preview|x86.ActiveCfg = Preview|x86
		{D7102094-7790-458C-9489-9F8EE3971FE6}.Preview|x86.Build.0 = Preview|x86
		{D7102094-7790-458C-9489-9F8EE3971FE6}.Release|Any CPU.ActiveCfg = Release|Any CPU
		{D7102094-7790-458C-9489-9F8EE3971FE6}.Release|Any CPU.Build.0 = Release|Any CPU
		{D7102094-7790-458C-9489-9F8EE3971FE6}.Release|ARM.ActiveCfg = Release|ARM
		{D7102094-7790-458C-9489-9F8EE3971FE6}.Release|ARM.Build.0 = Release|ARM
		{D7102094-7790-458C-9489-9F8EE3971FE6}.Release|ARM64.ActiveCfg = Release|ARM64
		{D7102094-7790-458C-9489-9F8EE3971FE6}.Release|ARM64.Build.0 = Release|ARM64
		{D7102094-7790-458C-9489-9F8EE3971FE6}.Release|x64.ActiveCfg = Release|x64
		{D7102094-7790-458C-9489-9F8EE3971FE6}.Release|x64.Build.0 = Release|x64
		{D7102094-7790-458C-9489-9F8EE3971FE6}.Release|x86.ActiveCfg = Release|x86
		{D7102094-7790-458C-9489-9F8EE3971FE6}.Release|x86.Build.0 = Release|x86
		{3CFA7768-C8D0-468E-BBAB-7F1908F2F6B4}.Debug|Any CPU.ActiveCfg = Debug|Any CPU
		{3CFA7768-C8D0-468E-BBAB-7F1908F2F6B4}.Debug|Any CPU.Build.0 = Debug|Any CPU
		{3CFA7768-C8D0-468E-BBAB-7F1908F2F6B4}.Debug|ARM.ActiveCfg = Debug|ARM
		{3CFA7768-C8D0-468E-BBAB-7F1908F2F6B4}.Debug|ARM.Build.0 = Debug|ARM
		{3CFA7768-C8D0-468E-BBAB-7F1908F2F6B4}.Debug|ARM64.ActiveCfg = Debug|ARM64
		{3CFA7768-C8D0-468E-BBAB-7F1908F2F6B4}.Debug|ARM64.Build.0 = Debug|ARM64
		{3CFA7768-C8D0-468E-BBAB-7F1908F2F6B4}.Debug|x64.ActiveCfg = Debug|x64
		{3CFA7768-C8D0-468E-BBAB-7F1908F2F6B4}.Debug|x64.Build.0 = Debug|x64
		{3CFA7768-C8D0-468E-BBAB-7F1908F2F6B4}.Debug|x86.ActiveCfg = Debug|x86
		{3CFA7768-C8D0-468E-BBAB-7F1908F2F6B4}.Debug|x86.Build.0 = Debug|x86
		{3CFA7768-C8D0-468E-BBAB-7F1908F2F6B4}.Preview|Any CPU.ActiveCfg = Preview|Any CPU
		{3CFA7768-C8D0-468E-BBAB-7F1908F2F6B4}.Preview|Any CPU.Build.0 = Preview|Any CPU
		{3CFA7768-C8D0-468E-BBAB-7F1908F2F6B4}.Preview|ARM.ActiveCfg = Preview|ARM
		{3CFA7768-C8D0-468E-BBAB-7F1908F2F6B4}.Preview|ARM.Build.0 = Preview|ARM
		{3CFA7768-C8D0-468E-BBAB-7F1908F2F6B4}.Preview|ARM64.ActiveCfg = Preview|ARM64
		{3CFA7768-C8D0-468E-BBAB-7F1908F2F6B4}.Preview|ARM64.Build.0 = Preview|ARM64
		{3CFA7768-C8D0-468E-BBAB-7F1908F2F6B4}.Preview|x64.ActiveCfg = Preview|x64
		{3CFA7768-C8D0-468E-BBAB-7F1908F2F6B4}.Preview|x64.Build.0 = Preview|x64
		{3CFA7768-C8D0-468E-BBAB-7F1908F2F6B4}.Preview|x86.ActiveCfg = Preview|x86
		{3CFA7768-C8D0-468E-BBAB-7F1908F2F6B4}.Preview|x86.Build.0 = Preview|x86
		{3CFA7768-C8D0-468E-BBAB-7F1908F2F6B4}.Release|Any CPU.ActiveCfg = Release|Any CPU
		{3CFA7768-C8D0-468E-BBAB-7F1908F2F6B4}.Release|Any CPU.Build.0 = Release|Any CPU
		{3CFA7768-C8D0-468E-BBAB-7F1908F2F6B4}.Release|ARM.ActiveCfg = Release|ARM
		{3CFA7768-C8D0-468E-BBAB-7F1908F2F6B4}.Release|ARM.Build.0 = Release|ARM
		{3CFA7768-C8D0-468E-BBAB-7F1908F2F6B4}.Release|ARM64.ActiveCfg = Release|ARM64
		{3CFA7768-C8D0-468E-BBAB-7F1908F2F6B4}.Release|ARM64.Build.0 = Release|ARM64
		{3CFA7768-C8D0-468E-BBAB-7F1908F2F6B4}.Release|x64.ActiveCfg = Release|x64
		{3CFA7768-C8D0-468E-BBAB-7F1908F2F6B4}.Release|x64.Build.0 = Release|x64
		{3CFA7768-C8D0-468E-BBAB-7F1908F2F6B4}.Release|x86.ActiveCfg = Release|x86
		{3CFA7768-C8D0-468E-BBAB-7F1908F2F6B4}.Release|x86.Build.0 = Release|x86
		{91249B6C-505C-48DE-8519-A04E5F531377}.Debug|Any CPU.ActiveCfg = Debug|Any CPU
		{91249B6C-505C-48DE-8519-A04E5F531377}.Debug|Any CPU.Build.0 = Debug|Any CPU
		{91249B6C-505C-48DE-8519-A04E5F531377}.Debug|ARM.ActiveCfg = Debug|ARM
		{91249B6C-505C-48DE-8519-A04E5F531377}.Debug|ARM.Build.0 = Debug|ARM
		{91249B6C-505C-48DE-8519-A04E5F531377}.Debug|ARM64.ActiveCfg = Debug|ARM64
		{91249B6C-505C-48DE-8519-A04E5F531377}.Debug|ARM64.Build.0 = Debug|ARM64
		{91249B6C-505C-48DE-8519-A04E5F531377}.Debug|x64.ActiveCfg = Debug|x64
		{91249B6C-505C-48DE-8519-A04E5F531377}.Debug|x64.Build.0 = Debug|x64
		{91249B6C-505C-48DE-8519-A04E5F531377}.Debug|x86.ActiveCfg = Debug|x86
		{91249B6C-505C-48DE-8519-A04E5F531377}.Debug|x86.Build.0 = Debug|x86
		{91249B6C-505C-48DE-8519-A04E5F531377}.Preview|Any CPU.ActiveCfg = Preview|Any CPU
		{91249B6C-505C-48DE-8519-A04E5F531377}.Preview|Any CPU.Build.0 = Preview|Any CPU
		{91249B6C-505C-48DE-8519-A04E5F531377}.Preview|ARM.ActiveCfg = Preview|ARM
		{91249B6C-505C-48DE-8519-A04E5F531377}.Preview|ARM.Build.0 = Preview|ARM
		{91249B6C-505C-48DE-8519-A04E5F531377}.Preview|ARM64.ActiveCfg = Preview|ARM64
		{91249B6C-505C-48DE-8519-A04E5F531377}.Preview|ARM64.Build.0 = Preview|ARM64
		{91249B6C-505C-48DE-8519-A04E5F531377}.Preview|x64.ActiveCfg = Preview|x64
		{91249B6C-505C-48DE-8519-A04E5F531377}.Preview|x64.Build.0 = Preview|x64
		{91249B6C-505C-48DE-8519-A04E5F531377}.Preview|x86.ActiveCfg = Preview|x86
		{91249B6C-505C-48DE-8519-A04E5F531377}.Preview|x86.Build.0 = Preview|x86
		{91249B6C-505C-48DE-8519-A04E5F531377}.Release|Any CPU.ActiveCfg = Release|Any CPU
		{91249B6C-505C-48DE-8519-A04E5F531377}.Release|Any CPU.Build.0 = Release|Any CPU
		{91249B6C-505C-48DE-8519-A04E5F531377}.Release|ARM.ActiveCfg = Release|ARM
		{91249B6C-505C-48DE-8519-A04E5F531377}.Release|ARM.Build.0 = Release|ARM
		{91249B6C-505C-48DE-8519-A04E5F531377}.Release|ARM64.ActiveCfg = Release|ARM64
		{91249B6C-505C-48DE-8519-A04E5F531377}.Release|ARM64.Build.0 = Release|ARM64
		{91249B6C-505C-48DE-8519-A04E5F531377}.Release|x64.ActiveCfg = Release|x64
		{91249B6C-505C-48DE-8519-A04E5F531377}.Release|x64.Build.0 = Release|x64
		{91249B6C-505C-48DE-8519-A04E5F531377}.Release|x86.ActiveCfg = Release|x86
		{91249B6C-505C-48DE-8519-A04E5F531377}.Release|x86.Build.0 = Release|x86
		{A2449E3A-F979-4736-8430-87AFD0B32262}.Debug|Any CPU.ActiveCfg = Debug|Any CPU
		{A2449E3A-F979-4736-8430-87AFD0B32262}.Debug|Any CPU.Build.0 = Debug|Any CPU
		{A2449E3A-F979-4736-8430-87AFD0B32262}.Debug|ARM.ActiveCfg = Debug|ARM
		{A2449E3A-F979-4736-8430-87AFD0B32262}.Debug|ARM.Build.0 = Debug|ARM
		{A2449E3A-F979-4736-8430-87AFD0B32262}.Debug|ARM64.ActiveCfg = Debug|ARM64
		{A2449E3A-F979-4736-8430-87AFD0B32262}.Debug|ARM64.Build.0 = Debug|ARM64
		{A2449E3A-F979-4736-8430-87AFD0B32262}.Debug|x64.ActiveCfg = Debug|x64
		{A2449E3A-F979-4736-8430-87AFD0B32262}.Debug|x64.Build.0 = Debug|x64
		{A2449E3A-F979-4736-8430-87AFD0B32262}.Debug|x86.ActiveCfg = Debug|x86
		{A2449E3A-F979-4736-8430-87AFD0B32262}.Debug|x86.Build.0 = Debug|x86
		{A2449E3A-F979-4736-8430-87AFD0B32262}.Preview|Any CPU.ActiveCfg = Preview|Any CPU
		{A2449E3A-F979-4736-8430-87AFD0B32262}.Preview|Any CPU.Build.0 = Preview|Any CPU
		{A2449E3A-F979-4736-8430-87AFD0B32262}.Preview|ARM.ActiveCfg = Preview|ARM
		{A2449E3A-F979-4736-8430-87AFD0B32262}.Preview|ARM.Build.0 = Preview|ARM
		{A2449E3A-F979-4736-8430-87AFD0B32262}.Preview|ARM64.ActiveCfg = Preview|ARM64
		{A2449E3A-F979-4736-8430-87AFD0B32262}.Preview|ARM64.Build.0 = Preview|ARM64
		{A2449E3A-F979-4736-8430-87AFD0B32262}.Preview|x64.ActiveCfg = Preview|x64
		{A2449E3A-F979-4736-8430-87AFD0B32262}.Preview|x64.Build.0 = Preview|x64
		{A2449E3A-F979-4736-8430-87AFD0B32262}.Preview|x86.ActiveCfg = Preview|x86
		{A2449E3A-F979-4736-8430-87AFD0B32262}.Preview|x86.Build.0 = Preview|x86
		{A2449E3A-F979-4736-8430-87AFD0B32262}.Release|Any CPU.ActiveCfg = Release|Any CPU
		{A2449E3A-F979-4736-8430-87AFD0B32262}.Release|Any CPU.Build.0 = Release|Any CPU
		{A2449E3A-F979-4736-8430-87AFD0B32262}.Release|ARM.ActiveCfg = Release|ARM
		{A2449E3A-F979-4736-8430-87AFD0B32262}.Release|ARM.Build.0 = Release|ARM
		{A2449E3A-F979-4736-8430-87AFD0B32262}.Release|ARM64.ActiveCfg = Release|ARM64
		{A2449E3A-F979-4736-8430-87AFD0B32262}.Release|ARM64.Build.0 = Release|ARM64
		{A2449E3A-F979-4736-8430-87AFD0B32262}.Release|x64.ActiveCfg = Release|x64
		{A2449E3A-F979-4736-8430-87AFD0B32262}.Release|x64.Build.0 = Release|x64
		{A2449E3A-F979-4736-8430-87AFD0B32262}.Release|x86.ActiveCfg = Release|x86
		{A2449E3A-F979-4736-8430-87AFD0B32262}.Release|x86.Build.0 = Release|x86
		{E57B8A85-474E-4C8F-BD25-6401EF55886D}.Debug|Any CPU.ActiveCfg = Debug|Any CPU
		{E57B8A85-474E-4C8F-BD25-6401EF55886D}.Debug|Any CPU.Build.0 = Debug|Any CPU
		{E57B8A85-474E-4C8F-BD25-6401EF55886D}.Debug|ARM.ActiveCfg = Debug|ARM
		{E57B8A85-474E-4C8F-BD25-6401EF55886D}.Debug|ARM.Build.0 = Debug|ARM
		{E57B8A85-474E-4C8F-BD25-6401EF55886D}.Debug|ARM64.ActiveCfg = Debug|ARM64
		{E57B8A85-474E-4C8F-BD25-6401EF55886D}.Debug|ARM64.Build.0 = Debug|ARM64
		{E57B8A85-474E-4C8F-BD25-6401EF55886D}.Debug|x64.ActiveCfg = Debug|x64
		{E57B8A85-474E-4C8F-BD25-6401EF55886D}.Debug|x64.Build.0 = Debug|x64
		{E57B8A85-474E-4C8F-BD25-6401EF55886D}.Debug|x86.ActiveCfg = Debug|x86
		{E57B8A85-474E-4C8F-BD25-6401EF55886D}.Debug|x86.Build.0 = Debug|x86
		{E57B8A85-474E-4C8F-BD25-6401EF55886D}.Preview|Any CPU.ActiveCfg = Preview|Any CPU
		{E57B8A85-474E-4C8F-BD25-6401EF55886D}.Preview|Any CPU.Build.0 = Preview|Any CPU
		{E57B8A85-474E-4C8F-BD25-6401EF55886D}.Preview|ARM.ActiveCfg = Preview|ARM
		{E57B8A85-474E-4C8F-BD25-6401EF55886D}.Preview|ARM.Build.0 = Preview|ARM
		{E57B8A85-474E-4C8F-BD25-6401EF55886D}.Preview|ARM64.ActiveCfg = Preview|ARM64
		{E57B8A85-474E-4C8F-BD25-6401EF55886D}.Preview|ARM64.Build.0 = Preview|ARM64
		{E57B8A85-474E-4C8F-BD25-6401EF55886D}.Preview|x64.ActiveCfg = Preview|x64
		{E57B8A85-474E-4C8F-BD25-6401EF55886D}.Preview|x64.Build.0 = Preview|x64
		{E57B8A85-474E-4C8F-BD25-6401EF55886D}.Preview|x86.ActiveCfg = Preview|x86
		{E57B8A85-474E-4C8F-BD25-6401EF55886D}.Preview|x86.Build.0 = Preview|x86
		{E57B8A85-474E-4C8F-BD25-6401EF55886D}.Release|Any CPU.ActiveCfg = Release|Any CPU
		{E57B8A85-474E-4C8F-BD25-6401EF55886D}.Release|Any CPU.Build.0 = Release|Any CPU
		{E57B8A85-474E-4C8F-BD25-6401EF55886D}.Release|ARM.ActiveCfg = Release|ARM
		{E57B8A85-474E-4C8F-BD25-6401EF55886D}.Release|ARM.Build.0 = Release|ARM
		{E57B8A85-474E-4C8F-BD25-6401EF55886D}.Release|ARM64.ActiveCfg = Release|ARM64
		{E57B8A85-474E-4C8F-BD25-6401EF55886D}.Release|ARM64.Build.0 = Release|ARM64
		{E57B8A85-474E-4C8F-BD25-6401EF55886D}.Release|x64.ActiveCfg = Release|x64
		{E57B8A85-474E-4C8F-BD25-6401EF55886D}.Release|x64.Build.0 = Release|x64
		{E57B8A85-474E-4C8F-BD25-6401EF55886D}.Release|x86.ActiveCfg = Release|x86
		{E57B8A85-474E-4C8F-BD25-6401EF55886D}.Release|x86.Build.0 = Release|x86
		{3F8ED320-6702-483F-A0B2-68A5458408F3}.Debug|Any CPU.ActiveCfg = Debug|Any CPU
		{3F8ED320-6702-483F-A0B2-68A5458408F3}.Debug|Any CPU.Build.0 = Debug|Any CPU
		{3F8ED320-6702-483F-A0B2-68A5458408F3}.Debug|ARM.ActiveCfg = Debug|ARM
		{3F8ED320-6702-483F-A0B2-68A5458408F3}.Debug|ARM.Build.0 = Debug|ARM
		{3F8ED320-6702-483F-A0B2-68A5458408F3}.Debug|ARM64.ActiveCfg = Debug|ARM64
		{3F8ED320-6702-483F-A0B2-68A5458408F3}.Debug|ARM64.Build.0 = Debug|ARM64
		{3F8ED320-6702-483F-A0B2-68A5458408F3}.Debug|x64.ActiveCfg = Debug|x64
		{3F8ED320-6702-483F-A0B2-68A5458408F3}.Debug|x64.Build.0 = Debug|x64
		{3F8ED320-6702-483F-A0B2-68A5458408F3}.Debug|x86.ActiveCfg = Debug|x86
		{3F8ED320-6702-483F-A0B2-68A5458408F3}.Debug|x86.Build.0 = Debug|x86
		{3F8ED320-6702-483F-A0B2-68A5458408F3}.Preview|Any CPU.ActiveCfg = Preview|Any CPU
		{3F8ED320-6702-483F-A0B2-68A5458408F3}.Preview|Any CPU.Build.0 = Preview|Any CPU
		{3F8ED320-6702-483F-A0B2-68A5458408F3}.Preview|ARM.ActiveCfg = Preview|ARM
		{3F8ED320-6702-483F-A0B2-68A5458408F3}.Preview|ARM.Build.0 = Preview|ARM
		{3F8ED320-6702-483F-A0B2-68A5458408F3}.Preview|ARM64.ActiveCfg = Preview|ARM64
		{3F8ED320-6702-483F-A0B2-68A5458408F3}.Preview|ARM64.Build.0 = Preview|ARM64
		{3F8ED320-6702-483F-A0B2-68A5458408F3}.Preview|x64.ActiveCfg = Preview|x64
		{3F8ED320-6702-483F-A0B2-68A5458408F3}.Preview|x64.Build.0 = Preview|x64
		{3F8ED320-6702-483F-A0B2-68A5458408F3}.Preview|x86.ActiveCfg = Preview|x86
		{3F8ED320-6702-483F-A0B2-68A5458408F3}.Preview|x86.Build.0 = Preview|x86
		{3F8ED320-6702-483F-A0B2-68A5458408F3}.Release|Any CPU.ActiveCfg = Release|Any CPU
		{3F8ED320-6702-483F-A0B2-68A5458408F3}.Release|Any CPU.Build.0 = Release|Any CPU
		{3F8ED320-6702-483F-A0B2-68A5458408F3}.Release|ARM.ActiveCfg = Release|ARM
		{3F8ED320-6702-483F-A0B2-68A5458408F3}.Release|ARM.Build.0 = Release|ARM
		{3F8ED320-6702-483F-A0B2-68A5458408F3}.Release|ARM64.ActiveCfg = Release|ARM64
		{3F8ED320-6702-483F-A0B2-68A5458408F3}.Release|ARM64.Build.0 = Release|ARM64
		{3F8ED320-6702-483F-A0B2-68A5458408F3}.Release|x64.ActiveCfg = Release|x64
		{3F8ED320-6702-483F-A0B2-68A5458408F3}.Release|x64.Build.0 = Release|x64
		{3F8ED320-6702-483F-A0B2-68A5458408F3}.Release|x86.ActiveCfg = Release|x86
		{3F8ED320-6702-483F-A0B2-68A5458408F3}.Release|x86.Build.0 = Release|x86
		{67385393-DF81-47B2-87B1-B909B960FCC5}.Debug|Any CPU.ActiveCfg = Debug|Any CPU
		{67385393-DF81-47B2-87B1-B909B960FCC5}.Debug|Any CPU.Build.0 = Debug|Any CPU
		{67385393-DF81-47B2-87B1-B909B960FCC5}.Debug|ARM.ActiveCfg = Debug|ARM
		{67385393-DF81-47B2-87B1-B909B960FCC5}.Debug|ARM.Build.0 = Debug|ARM
		{67385393-DF81-47B2-87B1-B909B960FCC5}.Debug|ARM64.ActiveCfg = Debug|ARM64
		{67385393-DF81-47B2-87B1-B909B960FCC5}.Debug|ARM64.Build.0 = Debug|ARM64
		{67385393-DF81-47B2-87B1-B909B960FCC5}.Debug|x64.ActiveCfg = Debug|x64
		{67385393-DF81-47B2-87B1-B909B960FCC5}.Debug|x64.Build.0 = Debug|x64
		{67385393-DF81-47B2-87B1-B909B960FCC5}.Debug|x86.ActiveCfg = Debug|x86
		{67385393-DF81-47B2-87B1-B909B960FCC5}.Debug|x86.Build.0 = Debug|x86
		{67385393-DF81-47B2-87B1-B909B960FCC5}.Preview|Any CPU.ActiveCfg = Preview|Any CPU
		{67385393-DF81-47B2-87B1-B909B960FCC5}.Preview|Any CPU.Build.0 = Preview|Any CPU
		{67385393-DF81-47B2-87B1-B909B960FCC5}.Preview|ARM.ActiveCfg = Preview|ARM
		{67385393-DF81-47B2-87B1-B909B960FCC5}.Preview|ARM.Build.0 = Preview|ARM
		{67385393-DF81-47B2-87B1-B909B960FCC5}.Preview|ARM64.ActiveCfg = Preview|ARM64
		{67385393-DF81-47B2-87B1-B909B960FCC5}.Preview|ARM64.Build.0 = Preview|ARM64
		{67385393-DF81-47B2-87B1-B909B960FCC5}.Preview|x64.ActiveCfg = Preview|x64
		{67385393-DF81-47B2-87B1-B909B960FCC5}.Preview|x64.Build.0 = Preview|x64
		{67385393-DF81-47B2-87B1-B909B960FCC5}.Preview|x86.ActiveCfg = Preview|x86
		{67385393-DF81-47B2-87B1-B909B960FCC5}.Preview|x86.Build.0 = Preview|x86
		{67385393-DF81-47B2-87B1-B909B960FCC5}.Release|Any CPU.ActiveCfg = Release|Any CPU
		{67385393-DF81-47B2-87B1-B909B960FCC5}.Release|Any CPU.Build.0 = Release|Any CPU
		{67385393-DF81-47B2-87B1-B909B960FCC5}.Release|ARM.ActiveCfg = Release|ARM
		{67385393-DF81-47B2-87B1-B909B960FCC5}.Release|ARM.Build.0 = Release|ARM
		{67385393-DF81-47B2-87B1-B909B960FCC5}.Release|ARM64.ActiveCfg = Release|ARM64
		{67385393-DF81-47B2-87B1-B909B960FCC5}.Release|ARM64.Build.0 = Release|ARM64
		{67385393-DF81-47B2-87B1-B909B960FCC5}.Release|x64.ActiveCfg = Release|x64
		{67385393-DF81-47B2-87B1-B909B960FCC5}.Release|x64.Build.0 = Release|x64
		{67385393-DF81-47B2-87B1-B909B960FCC5}.Release|x86.ActiveCfg = Release|x86
		{67385393-DF81-47B2-87B1-B909B960FCC5}.Release|x86.Build.0 = Release|x86
		{558041A0-38C8-42B1-8868-B0DC4AA07617}.Debug|Any CPU.ActiveCfg = Debug|Any CPU
		{558041A0-38C8-42B1-8868-B0DC4AA07617}.Debug|Any CPU.Build.0 = Debug|Any CPU
		{558041A0-38C8-42B1-8868-B0DC4AA07617}.Debug|ARM.ActiveCfg = Debug|Any CPU
		{558041A0-38C8-42B1-8868-B0DC4AA07617}.Debug|ARM.Build.0 = Debug|Any CPU
		{558041A0-38C8-42B1-8868-B0DC4AA07617}.Debug|ARM64.ActiveCfg = Debug|Any CPU
		{558041A0-38C8-42B1-8868-B0DC4AA07617}.Debug|ARM64.Build.0 = Debug|Any CPU
		{558041A0-38C8-42B1-8868-B0DC4AA07617}.Debug|x64.ActiveCfg = Debug|Any CPU
		{558041A0-38C8-42B1-8868-B0DC4AA07617}.Debug|x64.Build.0 = Debug|Any CPU
		{558041A0-38C8-42B1-8868-B0DC4AA07617}.Debug|x86.ActiveCfg = Debug|Any CPU
		{558041A0-38C8-42B1-8868-B0DC4AA07617}.Debug|x86.Build.0 = Debug|Any CPU
		{558041A0-38C8-42B1-8868-B0DC4AA07617}.Preview|Any CPU.ActiveCfg = Preview|Any CPU
		{558041A0-38C8-42B1-8868-B0DC4AA07617}.Preview|Any CPU.Build.0 = Preview|Any CPU
		{558041A0-38C8-42B1-8868-B0DC4AA07617}.Preview|ARM.ActiveCfg = Preview|Any CPU
		{558041A0-38C8-42B1-8868-B0DC4AA07617}.Preview|ARM.Build.0 = Preview|Any CPU
		{558041A0-38C8-42B1-8868-B0DC4AA07617}.Preview|ARM64.ActiveCfg = Preview|Any CPU
		{558041A0-38C8-42B1-8868-B0DC4AA07617}.Preview|ARM64.Build.0 = Preview|Any CPU
		{558041A0-38C8-42B1-8868-B0DC4AA07617}.Preview|x64.ActiveCfg = Preview|Any CPU
		{558041A0-38C8-42B1-8868-B0DC4AA07617}.Preview|x64.Build.0 = Preview|Any CPU
		{558041A0-38C8-42B1-8868-B0DC4AA07617}.Preview|x86.ActiveCfg = Preview|Any CPU
		{558041A0-38C8-42B1-8868-B0DC4AA07617}.Preview|x86.Build.0 = Preview|Any CPU
		{558041A0-38C8-42B1-8868-B0DC4AA07617}.Release|Any CPU.ActiveCfg = Release|Any CPU
		{558041A0-38C8-42B1-8868-B0DC4AA07617}.Release|Any CPU.Build.0 = Release|Any CPU
		{558041A0-38C8-42B1-8868-B0DC4AA07617}.Release|ARM.ActiveCfg = Release|Any CPU
		{558041A0-38C8-42B1-8868-B0DC4AA07617}.Release|ARM.Build.0 = Release|Any CPU
		{558041A0-38C8-42B1-8868-B0DC4AA07617}.Release|ARM64.ActiveCfg = Release|Any CPU
		{558041A0-38C8-42B1-8868-B0DC4AA07617}.Release|ARM64.Build.0 = Release|Any CPU
		{558041A0-38C8-42B1-8868-B0DC4AA07617}.Release|x64.ActiveCfg = Release|Any CPU
		{558041A0-38C8-42B1-8868-B0DC4AA07617}.Release|x64.Build.0 = Release|Any CPU
		{558041A0-38C8-42B1-8868-B0DC4AA07617}.Release|x86.ActiveCfg = Release|Any CPU
		{558041A0-38C8-42B1-8868-B0DC4AA07617}.Release|x86.Build.0 = Release|Any CPU
		{B7DBE54C-C92C-4CBC-A6AF-D9C3FB8DAEA0}.Debug|Any CPU.ActiveCfg = Debug|Any CPU
		{B7DBE54C-C92C-4CBC-A6AF-D9C3FB8DAEA0}.Debug|Any CPU.Build.0 = Debug|Any CPU
		{B7DBE54C-C92C-4CBC-A6AF-D9C3FB8DAEA0}.Debug|ARM.ActiveCfg = Debug|ARM
		{B7DBE54C-C92C-4CBC-A6AF-D9C3FB8DAEA0}.Debug|ARM.Build.0 = Debug|ARM
		{B7DBE54C-C92C-4CBC-A6AF-D9C3FB8DAEA0}.Debug|ARM64.ActiveCfg = Debug|ARM64
		{B7DBE54C-C92C-4CBC-A6AF-D9C3FB8DAEA0}.Debug|ARM64.Build.0 = Debug|ARM64
		{B7DBE54C-C92C-4CBC-A6AF-D9C3FB8DAEA0}.Debug|x64.ActiveCfg = Debug|x64
		{B7DBE54C-C92C-4CBC-A6AF-D9C3FB8DAEA0}.Debug|x64.Build.0 = Debug|x64
		{B7DBE54C-C92C-4CBC-A6AF-D9C3FB8DAEA0}.Debug|x86.ActiveCfg = Debug|x86
		{B7DBE54C-C92C-4CBC-A6AF-D9C3FB8DAEA0}.Debug|x86.Build.0 = Debug|x86
		{B7DBE54C-C92C-4CBC-A6AF-D9C3FB8DAEA0}.Preview|Any CPU.ActiveCfg = Preview|Any CPU
		{B7DBE54C-C92C-4CBC-A6AF-D9C3FB8DAEA0}.Preview|Any CPU.Build.0 = Preview|Any CPU
		{B7DBE54C-C92C-4CBC-A6AF-D9C3FB8DAEA0}.Preview|ARM.ActiveCfg = Preview|ARM
		{B7DBE54C-C92C-4CBC-A6AF-D9C3FB8DAEA0}.Preview|ARM.Build.0 = Preview|ARM
		{B7DBE54C-C92C-4CBC-A6AF-D9C3FB8DAEA0}.Preview|ARM64.ActiveCfg = Preview|ARM64
		{B7DBE54C-C92C-4CBC-A6AF-D9C3FB8DAEA0}.Preview|ARM64.Build.0 = Preview|ARM64
		{B7DBE54C-C92C-4CBC-A6AF-D9C3FB8DAEA0}.Preview|x64.ActiveCfg = Preview|x64
		{B7DBE54C-C92C-4CBC-A6AF-D9C3FB8DAEA0}.Preview|x64.Build.0 = Preview|x64
		{B7DBE54C-C92C-4CBC-A6AF-D9C3FB8DAEA0}.Preview|x86.ActiveCfg = Preview|x86
		{B7DBE54C-C92C-4CBC-A6AF-D9C3FB8DAEA0}.Preview|x86.Build.0 = Preview|x86
		{B7DBE54C-C92C-4CBC-A6AF-D9C3FB8DAEA0}.Release|Any CPU.ActiveCfg = Release|Any CPU
		{B7DBE54C-C92C-4CBC-A6AF-D9C3FB8DAEA0}.Release|Any CPU.Build.0 = Release|Any CPU
		{B7DBE54C-C92C-4CBC-A6AF-D9C3FB8DAEA0}.Release|ARM.ActiveCfg = Release|ARM
		{B7DBE54C-C92C-4CBC-A6AF-D9C3FB8DAEA0}.Release|ARM.Build.0 = Release|ARM
		{B7DBE54C-C92C-4CBC-A6AF-D9C3FB8DAEA0}.Release|ARM64.ActiveCfg = Release|ARM64
		{B7DBE54C-C92C-4CBC-A6AF-D9C3FB8DAEA0}.Release|ARM64.Build.0 = Release|ARM64
		{B7DBE54C-C92C-4CBC-A6AF-D9C3FB8DAEA0}.Release|x64.ActiveCfg = Release|x64
		{B7DBE54C-C92C-4CBC-A6AF-D9C3FB8DAEA0}.Release|x64.Build.0 = Release|x64
		{B7DBE54C-C92C-4CBC-A6AF-D9C3FB8DAEA0}.Release|x86.ActiveCfg = Release|x86
		{B7DBE54C-C92C-4CBC-A6AF-D9C3FB8DAEA0}.Release|x86.Build.0 = Release|x86
		{9D6436D0-4C51-4558-87BB-093A57276E2F}.Debug|Any CPU.ActiveCfg = Debug|Any CPU
		{9D6436D0-4C51-4558-87BB-093A57276E2F}.Debug|Any CPU.Build.0 = Debug|Any CPU
		{9D6436D0-4C51-4558-87BB-093A57276E2F}.Debug|ARM.ActiveCfg = Debug|ARM
		{9D6436D0-4C51-4558-87BB-093A57276E2F}.Debug|ARM.Build.0 = Debug|ARM
		{9D6436D0-4C51-4558-87BB-093A57276E2F}.Debug|ARM64.ActiveCfg = Debug|ARM64
		{9D6436D0-4C51-4558-87BB-093A57276E2F}.Debug|ARM64.Build.0 = Debug|ARM64
		{9D6436D0-4C51-4558-87BB-093A57276E2F}.Debug|x64.ActiveCfg = Debug|x64
		{9D6436D0-4C51-4558-87BB-093A57276E2F}.Debug|x64.Build.0 = Debug|x64
		{9D6436D0-4C51-4558-87BB-093A57276E2F}.Debug|x86.ActiveCfg = Debug|x86
		{9D6436D0-4C51-4558-87BB-093A57276E2F}.Debug|x86.Build.0 = Debug|x86
		{9D6436D0-4C51-4558-87BB-093A57276E2F}.Preview|Any CPU.ActiveCfg = Preview|Any CPU
		{9D6436D0-4C51-4558-87BB-093A57276E2F}.Preview|Any CPU.Build.0 = Preview|Any CPU
		{9D6436D0-4C51-4558-87BB-093A57276E2F}.Preview|ARM.ActiveCfg = Preview|ARM
		{9D6436D0-4C51-4558-87BB-093A57276E2F}.Preview|ARM.Build.0 = Preview|ARM
		{9D6436D0-4C51-4558-87BB-093A57276E2F}.Preview|ARM64.ActiveCfg = Preview|ARM64
		{9D6436D0-4C51-4558-87BB-093A57276E2F}.Preview|ARM64.Build.0 = Preview|ARM64
		{9D6436D0-4C51-4558-87BB-093A57276E2F}.Preview|x64.ActiveCfg = Preview|x64
		{9D6436D0-4C51-4558-87BB-093A57276E2F}.Preview|x64.Build.0 = Preview|x64
		{9D6436D0-4C51-4558-87BB-093A57276E2F}.Preview|x86.ActiveCfg = Preview|x86
		{9D6436D0-4C51-4558-87BB-093A57276E2F}.Preview|x86.Build.0 = Preview|x86
		{9D6436D0-4C51-4558-87BB-093A57276E2F}.Release|Any CPU.ActiveCfg = Release|Any CPU
		{9D6436D0-4C51-4558-87BB-093A57276E2F}.Release|Any CPU.Build.0 = Release|Any CPU
		{9D6436D0-4C51-4558-87BB-093A57276E2F}.Release|ARM.ActiveCfg = Release|ARM
		{9D6436D0-4C51-4558-87BB-093A57276E2F}.Release|ARM.Build.0 = Release|ARM
		{9D6436D0-4C51-4558-87BB-093A57276E2F}.Release|ARM64.ActiveCfg = Release|ARM64
		{9D6436D0-4C51-4558-87BB-093A57276E2F}.Release|ARM64.Build.0 = Release|ARM64
		{9D6436D0-4C51-4558-87BB-093A57276E2F}.Release|x64.ActiveCfg = Release|x64
		{9D6436D0-4C51-4558-87BB-093A57276E2F}.Release|x64.Build.0 = Release|x64
		{9D6436D0-4C51-4558-87BB-093A57276E2F}.Release|x86.ActiveCfg = Release|x86
		{9D6436D0-4C51-4558-87BB-093A57276E2F}.Release|x86.Build.0 = Release|x86
		{DB38C42C-DA83-464E-B3BE-2E8ECDDF5535}.Debug|Any CPU.ActiveCfg = Debug|Any CPU
		{DB38C42C-DA83-464E-B3BE-2E8ECDDF5535}.Debug|Any CPU.Build.0 = Debug|Any CPU
		{DB38C42C-DA83-464E-B3BE-2E8ECDDF5535}.Debug|ARM.ActiveCfg = Debug|Any CPU
		{DB38C42C-DA83-464E-B3BE-2E8ECDDF5535}.Debug|ARM.Build.0 = Debug|Any CPU
		{DB38C42C-DA83-464E-B3BE-2E8ECDDF5535}.Debug|ARM64.ActiveCfg = Debug|Any CPU
		{DB38C42C-DA83-464E-B3BE-2E8ECDDF5535}.Debug|ARM64.Build.0 = Debug|Any CPU
		{DB38C42C-DA83-464E-B3BE-2E8ECDDF5535}.Debug|x64.ActiveCfg = Debug|Any CPU
		{DB38C42C-DA83-464E-B3BE-2E8ECDDF5535}.Debug|x64.Build.0 = Debug|Any CPU
		{DB38C42C-DA83-464E-B3BE-2E8ECDDF5535}.Debug|x86.ActiveCfg = Debug|Any CPU
		{DB38C42C-DA83-464E-B3BE-2E8ECDDF5535}.Debug|x86.Build.0 = Debug|Any CPU
		{DB38C42C-DA83-464E-B3BE-2E8ECDDF5535}.Preview|Any CPU.ActiveCfg = Preview|Any CPU
		{DB38C42C-DA83-464E-B3BE-2E8ECDDF5535}.Preview|Any CPU.Build.0 = Preview|Any CPU
		{DB38C42C-DA83-464E-B3BE-2E8ECDDF5535}.Preview|ARM.ActiveCfg = Preview|Any CPU
		{DB38C42C-DA83-464E-B3BE-2E8ECDDF5535}.Preview|ARM.Build.0 = Preview|Any CPU
		{DB38C42C-DA83-464E-B3BE-2E8ECDDF5535}.Preview|ARM64.ActiveCfg = Preview|Any CPU
		{DB38C42C-DA83-464E-B3BE-2E8ECDDF5535}.Preview|ARM64.Build.0 = Preview|Any CPU
		{DB38C42C-DA83-464E-B3BE-2E8ECDDF5535}.Preview|x64.ActiveCfg = Preview|Any CPU
		{DB38C42C-DA83-464E-B3BE-2E8ECDDF5535}.Preview|x64.Build.0 = Preview|Any CPU
		{DB38C42C-DA83-464E-B3BE-2E8ECDDF5535}.Preview|x86.ActiveCfg = Preview|Any CPU
		{DB38C42C-DA83-464E-B3BE-2E8ECDDF5535}.Preview|x86.Build.0 = Preview|Any CPU
		{DB38C42C-DA83-464E-B3BE-2E8ECDDF5535}.Release|Any CPU.ActiveCfg = Release|Any CPU
		{DB38C42C-DA83-464E-B3BE-2E8ECDDF5535}.Release|Any CPU.Build.0 = Release|Any CPU
		{DB38C42C-DA83-464E-B3BE-2E8ECDDF5535}.Release|ARM.ActiveCfg = Release|Any CPU
		{DB38C42C-DA83-464E-B3BE-2E8ECDDF5535}.Release|ARM.Build.0 = Release|Any CPU
		{DB38C42C-DA83-464E-B3BE-2E8ECDDF5535}.Release|ARM64.ActiveCfg = Release|Any CPU
		{DB38C42C-DA83-464E-B3BE-2E8ECDDF5535}.Release|ARM64.Build.0 = Release|Any CPU
		{DB38C42C-DA83-464E-B3BE-2E8ECDDF5535}.Release|x64.ActiveCfg = Release|Any CPU
		{DB38C42C-DA83-464E-B3BE-2E8ECDDF5535}.Release|x64.Build.0 = Release|Any CPU
		{DB38C42C-DA83-464E-B3BE-2E8ECDDF5535}.Release|x86.ActiveCfg = Release|Any CPU
		{DB38C42C-DA83-464E-B3BE-2E8ECDDF5535}.Release|x86.Build.0 = Release|Any CPU
		{FB941A8F-96BC-4122-AB6F-49342BA36E0B}.Debug|Any CPU.ActiveCfg = Debug|Any CPU
		{FB941A8F-96BC-4122-AB6F-49342BA36E0B}.Debug|Any CPU.Build.0 = Debug|Any CPU
		{FB941A8F-96BC-4122-AB6F-49342BA36E0B}.Debug|ARM.ActiveCfg = Debug|Any CPU
		{FB941A8F-96BC-4122-AB6F-49342BA36E0B}.Debug|ARM.Build.0 = Debug|Any CPU
		{FB941A8F-96BC-4122-AB6F-49342BA36E0B}.Debug|ARM64.ActiveCfg = Debug|Any CPU
		{FB941A8F-96BC-4122-AB6F-49342BA36E0B}.Debug|ARM64.Build.0 = Debug|Any CPU
		{FB941A8F-96BC-4122-AB6F-49342BA36E0B}.Debug|x64.ActiveCfg = Debug|Any CPU
		{FB941A8F-96BC-4122-AB6F-49342BA36E0B}.Debug|x64.Build.0 = Debug|Any CPU
		{FB941A8F-96BC-4122-AB6F-49342BA36E0B}.Debug|x86.ActiveCfg = Debug|Any CPU
		{FB941A8F-96BC-4122-AB6F-49342BA36E0B}.Debug|x86.Build.0 = Debug|Any CPU
		{FB941A8F-96BC-4122-AB6F-49342BA36E0B}.Preview|Any CPU.ActiveCfg = Preview|Any CPU
		{FB941A8F-96BC-4122-AB6F-49342BA36E0B}.Preview|Any CPU.Build.0 = Preview|Any CPU
		{FB941A8F-96BC-4122-AB6F-49342BA36E0B}.Preview|ARM.ActiveCfg = Preview|ARM
		{FB941A8F-96BC-4122-AB6F-49342BA36E0B}.Preview|ARM.Build.0 = Preview|ARM
		{FB941A8F-96BC-4122-AB6F-49342BA36E0B}.Preview|ARM64.ActiveCfg = Preview|ARM64
		{FB941A8F-96BC-4122-AB6F-49342BA36E0B}.Preview|ARM64.Build.0 = Preview|ARM64
		{FB941A8F-96BC-4122-AB6F-49342BA36E0B}.Preview|x64.ActiveCfg = Preview|x64
		{FB941A8F-96BC-4122-AB6F-49342BA36E0B}.Preview|x64.Build.0 = Preview|x64
		{FB941A8F-96BC-4122-AB6F-49342BA36E0B}.Preview|x86.ActiveCfg = Preview|x86
		{FB941A8F-96BC-4122-AB6F-49342BA36E0B}.Preview|x86.Build.0 = Preview|x86
		{FB941A8F-96BC-4122-AB6F-49342BA36E0B}.Release|Any CPU.ActiveCfg = Release|Any CPU
		{FB941A8F-96BC-4122-AB6F-49342BA36E0B}.Release|Any CPU.Build.0 = Release|Any CPU
		{FB941A8F-96BC-4122-AB6F-49342BA36E0B}.Release|ARM.ActiveCfg = Release|Any CPU
		{FB941A8F-96BC-4122-AB6F-49342BA36E0B}.Release|ARM.Build.0 = Release|Any CPU
		{FB941A8F-96BC-4122-AB6F-49342BA36E0B}.Release|ARM64.ActiveCfg = Release|Any CPU
		{FB941A8F-96BC-4122-AB6F-49342BA36E0B}.Release|ARM64.Build.0 = Release|Any CPU
		{FB941A8F-96BC-4122-AB6F-49342BA36E0B}.Release|x64.ActiveCfg = Release|Any CPU
		{FB941A8F-96BC-4122-AB6F-49342BA36E0B}.Release|x64.Build.0 = Release|Any CPU
		{FB941A8F-96BC-4122-AB6F-49342BA36E0B}.Release|x86.ActiveCfg = Release|Any CPU
		{FB941A8F-96BC-4122-AB6F-49342BA36E0B}.Release|x86.Build.0 = Release|Any CPU
		{7244BB4B-431D-413A-AEA4-2D6267B9549F}.Debug|Any CPU.ActiveCfg = Debug|Any CPU
		{7244BB4B-431D-413A-AEA4-2D6267B9549F}.Debug|Any CPU.Build.0 = Debug|Any CPU
		{7244BB4B-431D-413A-AEA4-2D6267B9549F}.Debug|ARM.ActiveCfg = Debug|Any CPU
		{7244BB4B-431D-413A-AEA4-2D6267B9549F}.Debug|ARM.Build.0 = Debug|Any CPU
		{7244BB4B-431D-413A-AEA4-2D6267B9549F}.Debug|ARM64.ActiveCfg = Debug|Any CPU
		{7244BB4B-431D-413A-AEA4-2D6267B9549F}.Debug|ARM64.Build.0 = Debug|Any CPU
		{7244BB4B-431D-413A-AEA4-2D6267B9549F}.Debug|x64.ActiveCfg = Debug|Any CPU
		{7244BB4B-431D-413A-AEA4-2D6267B9549F}.Debug|x64.Build.0 = Debug|Any CPU
		{7244BB4B-431D-413A-AEA4-2D6267B9549F}.Debug|x86.ActiveCfg = Debug|Any CPU
		{7244BB4B-431D-413A-AEA4-2D6267B9549F}.Debug|x86.Build.0 = Debug|Any CPU
		{7244BB4B-431D-413A-AEA4-2D6267B9549F}.Preview|Any CPU.ActiveCfg = Debug|Any CPU
		{7244BB4B-431D-413A-AEA4-2D6267B9549F}.Preview|Any CPU.Build.0 = Debug|Any CPU
		{7244BB4B-431D-413A-AEA4-2D6267B9549F}.Preview|ARM.ActiveCfg = Debug|Any CPU
		{7244BB4B-431D-413A-AEA4-2D6267B9549F}.Preview|ARM.Build.0 = Debug|Any CPU
		{7244BB4B-431D-413A-AEA4-2D6267B9549F}.Preview|ARM64.ActiveCfg = Debug|Any CPU
		{7244BB4B-431D-413A-AEA4-2D6267B9549F}.Preview|ARM64.Build.0 = Debug|Any CPU
		{7244BB4B-431D-413A-AEA4-2D6267B9549F}.Preview|x64.ActiveCfg = Debug|Any CPU
		{7244BB4B-431D-413A-AEA4-2D6267B9549F}.Preview|x64.Build.0 = Debug|Any CPU
		{7244BB4B-431D-413A-AEA4-2D6267B9549F}.Preview|x86.ActiveCfg = Debug|Any CPU
		{7244BB4B-431D-413A-AEA4-2D6267B9549F}.Preview|x86.Build.0 = Debug|Any CPU
		{7244BB4B-431D-413A-AEA4-2D6267B9549F}.Release|Any CPU.ActiveCfg = Release|Any CPU
		{7244BB4B-431D-413A-AEA4-2D6267B9549F}.Release|Any CPU.Build.0 = Release|Any CPU
		{7244BB4B-431D-413A-AEA4-2D6267B9549F}.Release|ARM.ActiveCfg = Release|Any CPU
		{7244BB4B-431D-413A-AEA4-2D6267B9549F}.Release|ARM.Build.0 = Release|Any CPU
		{7244BB4B-431D-413A-AEA4-2D6267B9549F}.Release|ARM64.ActiveCfg = Release|Any CPU
		{7244BB4B-431D-413A-AEA4-2D6267B9549F}.Release|ARM64.Build.0 = Release|Any CPU
		{7244BB4B-431D-413A-AEA4-2D6267B9549F}.Release|x64.ActiveCfg = Release|Any CPU
		{7244BB4B-431D-413A-AEA4-2D6267B9549F}.Release|x64.Build.0 = Release|Any CPU
		{7244BB4B-431D-413A-AEA4-2D6267B9549F}.Release|x86.ActiveCfg = Release|Any CPU
		{7244BB4B-431D-413A-AEA4-2D6267B9549F}.Release|x86.Build.0 = Release|Any CPU
		{7886DCE4-81BD-4429-A5A9-4111B0E45DC8}.Debug|Any CPU.ActiveCfg = Debug|Any CPU
		{7886DCE4-81BD-4429-A5A9-4111B0E45DC8}.Debug|Any CPU.Build.0 = Debug|Any CPU
		{7886DCE4-81BD-4429-A5A9-4111B0E45DC8}.Debug|ARM.ActiveCfg = Debug|Any CPU
		{7886DCE4-81BD-4429-A5A9-4111B0E45DC8}.Debug|ARM.Build.0 = Debug|Any CPU
		{7886DCE4-81BD-4429-A5A9-4111B0E45DC8}.Debug|ARM64.ActiveCfg = Debug|Any CPU
		{7886DCE4-81BD-4429-A5A9-4111B0E45DC8}.Debug|ARM64.Build.0 = Debug|Any CPU
		{7886DCE4-81BD-4429-A5A9-4111B0E45DC8}.Debug|x64.ActiveCfg = Debug|Any CPU
		{7886DCE4-81BD-4429-A5A9-4111B0E45DC8}.Debug|x64.Build.0 = Debug|Any CPU
		{7886DCE4-81BD-4429-A5A9-4111B0E45DC8}.Debug|x86.ActiveCfg = Debug|Any CPU
		{7886DCE4-81BD-4429-A5A9-4111B0E45DC8}.Debug|x86.Build.0 = Debug|Any CPU
		{7886DCE4-81BD-4429-A5A9-4111B0E45DC8}.Preview|Any CPU.ActiveCfg = Debug|Any CPU
		{7886DCE4-81BD-4429-A5A9-4111B0E45DC8}.Preview|Any CPU.Build.0 = Debug|Any CPU
		{7886DCE4-81BD-4429-A5A9-4111B0E45DC8}.Preview|ARM.ActiveCfg = Debug|Any CPU
		{7886DCE4-81BD-4429-A5A9-4111B0E45DC8}.Preview|ARM.Build.0 = Debug|Any CPU
		{7886DCE4-81BD-4429-A5A9-4111B0E45DC8}.Preview|ARM64.ActiveCfg = Debug|Any CPU
		{7886DCE4-81BD-4429-A5A9-4111B0E45DC8}.Preview|ARM64.Build.0 = Debug|Any CPU
		{7886DCE4-81BD-4429-A5A9-4111B0E45DC8}.Preview|x64.ActiveCfg = Debug|Any CPU
		{7886DCE4-81BD-4429-A5A9-4111B0E45DC8}.Preview|x64.Build.0 = Debug|Any CPU
		{7886DCE4-81BD-4429-A5A9-4111B0E45DC8}.Preview|x86.ActiveCfg = Debug|Any CPU
		{7886DCE4-81BD-4429-A5A9-4111B0E45DC8}.Preview|x86.Build.0 = Debug|Any CPU
		{7886DCE4-81BD-4429-A5A9-4111B0E45DC8}.Release|Any CPU.ActiveCfg = Release|Any CPU
		{7886DCE4-81BD-4429-A5A9-4111B0E45DC8}.Release|Any CPU.Build.0 = Release|Any CPU
		{7886DCE4-81BD-4429-A5A9-4111B0E45DC8}.Release|ARM.ActiveCfg = Release|Any CPU
		{7886DCE4-81BD-4429-A5A9-4111B0E45DC8}.Release|ARM.Build.0 = Release|Any CPU
		{7886DCE4-81BD-4429-A5A9-4111B0E45DC8}.Release|ARM64.ActiveCfg = Release|Any CPU
		{7886DCE4-81BD-4429-A5A9-4111B0E45DC8}.Release|ARM64.Build.0 = Release|Any CPU
		{7886DCE4-81BD-4429-A5A9-4111B0E45DC8}.Release|x64.ActiveCfg = Release|Any CPU
		{7886DCE4-81BD-4429-A5A9-4111B0E45DC8}.Release|x64.Build.0 = Release|Any CPU
		{7886DCE4-81BD-4429-A5A9-4111B0E45DC8}.Release|x86.ActiveCfg = Release|Any CPU
		{7886DCE4-81BD-4429-A5A9-4111B0E45DC8}.Release|x86.Build.0 = Release|Any CPU
		{F6C424F7-CC0A-445A-B612-609FF159EB9C}.Debug|Any CPU.ActiveCfg = Debug|Any CPU
		{F6C424F7-CC0A-445A-B612-609FF159EB9C}.Debug|Any CPU.Build.0 = Debug|Any CPU
		{F6C424F7-CC0A-445A-B612-609FF159EB9C}.Debug|ARM.ActiveCfg = Debug|Any CPU
		{F6C424F7-CC0A-445A-B612-609FF159EB9C}.Debug|ARM.Build.0 = Debug|Any CPU
		{F6C424F7-CC0A-445A-B612-609FF159EB9C}.Debug|ARM64.ActiveCfg = Debug|Any CPU
		{F6C424F7-CC0A-445A-B612-609FF159EB9C}.Debug|ARM64.Build.0 = Debug|Any CPU
		{F6C424F7-CC0A-445A-B612-609FF159EB9C}.Debug|x64.ActiveCfg = Debug|Any CPU
		{F6C424F7-CC0A-445A-B612-609FF159EB9C}.Debug|x64.Build.0 = Debug|Any CPU
		{F6C424F7-CC0A-445A-B612-609FF159EB9C}.Debug|x86.ActiveCfg = Debug|Any CPU
		{F6C424F7-CC0A-445A-B612-609FF159EB9C}.Debug|x86.Build.0 = Debug|Any CPU
		{F6C424F7-CC0A-445A-B612-609FF159EB9C}.Preview|Any CPU.ActiveCfg = Debug|Any CPU
		{F6C424F7-CC0A-445A-B612-609FF159EB9C}.Preview|Any CPU.Build.0 = Debug|Any CPU
		{F6C424F7-CC0A-445A-B612-609FF159EB9C}.Preview|ARM.ActiveCfg = Debug|Any CPU
		{F6C424F7-CC0A-445A-B612-609FF159EB9C}.Preview|ARM.Build.0 = Debug|Any CPU
		{F6C424F7-CC0A-445A-B612-609FF159EB9C}.Preview|ARM64.ActiveCfg = Debug|Any CPU
		{F6C424F7-CC0A-445A-B612-609FF159EB9C}.Preview|ARM64.Build.0 = Debug|Any CPU
		{F6C424F7-CC0A-445A-B612-609FF159EB9C}.Preview|x64.ActiveCfg = Debug|Any CPU
		{F6C424F7-CC0A-445A-B612-609FF159EB9C}.Preview|x64.Build.0 = Debug|Any CPU
		{F6C424F7-CC0A-445A-B612-609FF159EB9C}.Preview|x86.ActiveCfg = Debug|Any CPU
		{F6C424F7-CC0A-445A-B612-609FF159EB9C}.Preview|x86.Build.0 = Debug|Any CPU
		{F6C424F7-CC0A-445A-B612-609FF159EB9C}.Release|Any CPU.ActiveCfg = Release|Any CPU
		{F6C424F7-CC0A-445A-B612-609FF159EB9C}.Release|Any CPU.Build.0 = Release|Any CPU
		{F6C424F7-CC0A-445A-B612-609FF159EB9C}.Release|ARM.ActiveCfg = Release|Any CPU
		{F6C424F7-CC0A-445A-B612-609FF159EB9C}.Release|ARM.Build.0 = Release|Any CPU
		{F6C424F7-CC0A-445A-B612-609FF159EB9C}.Release|ARM64.ActiveCfg = Release|Any CPU
		{F6C424F7-CC0A-445A-B612-609FF159EB9C}.Release|ARM64.Build.0 = Release|Any CPU
		{F6C424F7-CC0A-445A-B612-609FF159EB9C}.Release|x64.ActiveCfg = Release|Any CPU
		{F6C424F7-CC0A-445A-B612-609FF159EB9C}.Release|x64.Build.0 = Release|Any CPU
		{F6C424F7-CC0A-445A-B612-609FF159EB9C}.Release|x86.ActiveCfg = Release|Any CPU
		{F6C424F7-CC0A-445A-B612-609FF159EB9C}.Release|x86.Build.0 = Release|Any CPU
	EndGlobalSection
	GlobalSection(SolutionProperties) = preSolution
		HideSolutionNode = FALSE
	EndGlobalSection
	GlobalSection(NestedProjects) = preSolution
		{91249B6C-505C-48DE-8519-A04E5F531377} = {E56E3567-34A5-4B86-BABC-DC5111995C99}
		{A2449E3A-F979-4736-8430-87AFD0B32262} = {E56E3567-34A5-4B86-BABC-DC5111995C99}
		{3F8ED320-6702-483F-A0B2-68A5458408F3} = {E56E3567-34A5-4B86-BABC-DC5111995C99}
		{319B049E-63F1-41C4-A085-CFD1E857468C} = {E56E3567-34A5-4B86-BABC-DC5111995C99}
		{558041A0-38C8-42B1-8868-B0DC4AA07617} = {319B049E-63F1-41C4-A085-CFD1E857468C}
		{B7DBE54C-C92C-4CBC-A6AF-D9C3FB8DAEA0} = {E56E3567-34A5-4B86-BABC-DC5111995C99}
		{DB38C42C-DA83-464E-B3BE-2E8ECDDF5535} = {319B049E-63F1-41C4-A085-CFD1E857468C}
		{FB941A8F-96BC-4122-AB6F-49342BA36E0B} = {E56E3567-34A5-4B86-BABC-DC5111995C99}
		{7886DCE4-81BD-4429-A5A9-4111B0E45DC8} = {319B049E-63F1-41C4-A085-CFD1E857468C}
		{F6C424F7-CC0A-445A-B612-609FF159EB9C} = {4A4EFDAC-7170-46CA-98D8-95BAC5E6C6B5}
	EndGlobalSection
	GlobalSection(ExtensibilityGlobals) = postSolution
		SolutionGuid = {3807981D-8D51-49C8-AD39-510324046634}
	EndGlobalSection
EndGlobal
